// !$*UTF8*$!
{
	archiveVersion = 1;
	classes = {
	};
	objectVersion = 46;
	objects = {

/* Begin PBXBuildFile section */
		2490C4051AB28F7500C0B34A /* main.m in Sources */ = {isa = PBXBuildFile; fileRef = 2490C4041AB28F7500C0B34A /* main.m */; };
		2490C4081AB28F7500C0B34A /* AppDelegate.m in Sources */ = {isa = PBXBuildFile; fileRef = 2490C4071AB28F7500C0B34A /* AppDelegate.m */; };
		2490C40E1AB28F7500C0B34A /* Main.storyboard in Resources */ = {isa = PBXBuildFile; fileRef = 2490C40C1AB28F7500C0B34A /* Main.storyboard */; };
		2490C4101AB28F7500C0B34A /* Images.xcassets in Resources */ = {isa = PBXBuildFile; fileRef = 2490C40F1AB28F7500C0B34A /* Images.xcassets */; };
		2490C4131AB28F7500C0B34A /* LaunchScreen.xib in Resources */ = {isa = PBXBuildFile; fileRef = 2490C4111AB28F7500C0B34A /* LaunchScreen.xib */; };
		2490C41F1AB28F7500C0B34A /* DishTests.m in Sources */ = {isa = PBXBuildFile; fileRef = 2490C41E1AB28F7500C0B34A /* DishTests.m */; };
		2490C42A1AB2903F00C0B34A /* DishesTableViewController.m in Sources */ = {isa = PBXBuildFile; fileRef = 2490C4291AB2903F00C0B34A /* DishesTableViewController.m */; };
		2490C42D1AB290E000C0B34A /* DishViewController.m in Sources */ = {isa = PBXBuildFile; fileRef = 2490C42C1AB290E000C0B34A /* DishViewController.m */; };
/* End PBXBuildFile section */

/* Begin PBXContainerItemProxy section */
		2490C4191AB28F7500C0B34A /* PBXContainerItemProxy */ = {
			isa = PBXContainerItemProxy;
			containerPortal = 2490C3F71AB28F7500C0B34A /* Project object */;
			proxyType = 1;
			remoteGlobalIDString = 2490C3FE1AB28F7500C0B34A;
			remoteInfo = Dish;
		};
/* End PBXContainerItemProxy section */

/* Begin PBXFileReference section */
		2490C3FF1AB28F7500C0B34A /* Dish.app */ = {isa = PBXFileReference; explicitFileType = wrapper.application; includeInIndex = 0; path = Dish.app; sourceTree = BUILT_PRODUCTS_DIR; };
		2490C4031AB28F7500C0B34A /* Info.plist */ = {isa = PBXFileReference; lastKnownFileType = text.plist.xml; path = Info.plist; sourceTree = "<group>"; };
		2490C4041AB28F7500C0B34A /* main.m */ = {isa = PBXFileReference; lastKnownFileType = sourcecode.c.objc; path = main.m; sourceTree = "<group>"; };
		2490C4061AB28F7500C0B34A /* AppDelegate.h */ = {isa = PBXFileReference; lastKnownFileType = sourcecode.c.h; path = AppDelegate.h; sourceTree = "<group>"; };
		2490C4071AB28F7500C0B34A /* AppDelegate.m */ = {isa = PBXFileReference; lastKnownFileType = sourcecode.c.objc; path = AppDelegate.m; sourceTree = "<group>"; };
		2490C40D1AB28F7500C0B34A /* Base */ = {isa = PBXFileReference; lastKnownFileType = file.storyboard; name = Base; path = Base.lproj/Main.storyboard; sourceTree = "<group>"; };
		2490C40F1AB28F7500C0B34A /* Images.xcassets */ = {isa = PBXFileReference; lastKnownFileType = folder.assetcatalog; path = Images.xcassets; sourceTree = "<group>"; };
		2490C4121AB28F7500C0B34A /* Base */ = {isa = PBXFileReference; lastKnownFileType = file.xib; name = Base; path = Base.lproj/LaunchScreen.xib; sourceTree = "<group>"; };
		2490C4181AB28F7500C0B34A /* DishTests.xctest */ = {isa = PBXFileReference; explicitFileType = wrapper.cfbundle; includeInIndex = 0; path = DishTests.xctest; sourceTree = BUILT_PRODUCTS_DIR; };
		2490C41D1AB28F7500C0B34A /* Info.plist */ = {isa = PBXFileReference; lastKnownFileType = text.plist.xml; path = Info.plist; sourceTree = "<group>"; };
		2490C41E1AB28F7500C0B34A /* DishTests.m */ = {isa = PBXFileReference; lastKnownFileType = sourcecode.c.objc; path = DishTests.m; sourceTree = "<group>"; };
		2490C4281AB2903F00C0B34A /* DishesTableViewController.h */ = {isa = PBXFileReference; fileEncoding = 4; lastKnownFileType = sourcecode.c.h; path = DishesTableViewController.h; sourceTree = "<group>"; };
		2490C4291AB2903F00C0B34A /* DishesTableViewController.m */ = {isa = PBXFileReference; fileEncoding = 4; lastKnownFileType = sourcecode.c.objc; path = DishesTableViewController.m; sourceTree = "<group>"; };
		2490C42B1AB290E000C0B34A /* DishViewController.h */ = {isa = PBXFileReference; fileEncoding = 4; lastKnownFileType = sourcecode.c.h; path = DishViewController.h; sourceTree = "<group>"; };
		2490C42C1AB290E000C0B34A /* DishViewController.m */ = {isa = PBXFileReference; fileEncoding = 4; lastKnownFileType = sourcecode.c.objc; path = DishViewController.m; sourceTree = "<group>"; };
/* End PBXFileReference section */

/* Begin PBXFrameworksBuildPhase section */
		2490C3FC1AB28F7500C0B34A /* Frameworks */ = {
			isa = PBXFrameworksBuildPhase;
			buildActionMask = 2147483647;
			files = (
			);
			runOnlyForDeploymentPostprocessing = 0;
		};
		2490C4151AB28F7500C0B34A /* Frameworks */ = {
			isa = PBXFrameworksBuildPhase;
			buildActionMask = 2147483647;
			files = (
			);
			runOnlyForDeploymentPostprocessing = 0;
		};
/* End PBXFrameworksBuildPhase section */

/* Begin PBXGroup section */
		2490C3F61AB28F7500C0B34A = {
			isa = PBXGroup;
			children = (
				2490C4011AB28F7500C0B34A /* Dish */,
				2490C41B1AB28F7500C0B34A /* DishTests */,
				2490C4001AB28F7500C0B34A /* Products */,
			);
			sourceTree = "<group>";
		};
		2490C4001AB28F7500C0B34A /* Products */ = {
			isa = PBXGroup;
			children = (
				2490C3FF1AB28F7500C0B34A /* Dish.app */,
				2490C4181AB28F7500C0B34A /* DishTests.xctest */,
			);
			name = Products;
			sourceTree = "<group>";
		};
		2490C4011AB28F7500C0B34A /* Dish */ = {
			isa = PBXGroup;
			children = (
				2490C4061AB28F7500C0B34A /* AppDelegate.h */,
				2490C4071AB28F7500C0B34A /* AppDelegate.m */,
				2490C4281AB2903F00C0B34A /* DishesTableViewController.h */,
				2490C4291AB2903F00C0B34A /* DishesTableViewController.m */,
				2490C42B1AB290E000C0B34A /* DishViewController.h */,
				2490C42C1AB290E000C0B34A /* DishViewController.m */,
				2490C40C1AB28F7500C0B34A /* Main.storyboard */,
				2490C40F1AB28F7500C0B34A /* Images.xcassets */,
				2490C4111AB28F7500C0B34A /* LaunchScreen.xib */,
				2490C4021AB28F7500C0B34A /* Supporting Files */,
			);
			path = Dish;
			sourceTree = "<group>";
		};
		2490C4021AB28F7500C0B34A /* Supporting Files */ = {
			isa = PBXGroup;
			children = (
				2490C4031AB28F7500C0B34A /* Info.plist */,
				2490C4041AB28F7500C0B34A /* main.m */,
			);
			name = "Supporting Files";
			sourceTree = "<group>";
		};
		2490C41B1AB28F7500C0B34A /* DishTests */ = {
			isa = PBXGroup;
			children = (
				2490C41E1AB28F7500C0B34A /* DishTests.m */,
				2490C41C1AB28F7500C0B34A /* Supporting Files */,
			);
			path = DishTests;
			sourceTree = "<group>";
		};
		2490C41C1AB28F7500C0B34A /* Supporting Files */ = {
			isa = PBXGroup;
			children = (
				2490C41D1AB28F7500C0B34A /* Info.plist */,
			);
			name = "Supporting Files";
			sourceTree = "<group>";
		};
/* End PBXGroup section */

/* Begin PBXNativeTarget section */
		2490C3FE1AB28F7500C0B34A /* Dish */ = {
			isa = PBXNativeTarget;
			buildConfigurationList = 2490C4221AB28F7500C0B34A /* Build configuration list for PBXNativeTarget "Dish" */;
			buildPhases = (
				2490C3FB1AB28F7500C0B34A /* Sources */,
				2490C3FC1AB28F7500C0B34A /* Frameworks */,
				2490C3FD1AB28F7500C0B34A /* Resources */,
			);
			buildRules = (
			);
			dependencies = (
			);
			name = Dish;
			productName = Dish;
			productReference = 2490C3FF1AB28F7500C0B34A /* Dish.app */;
			productType = "com.apple.product-type.application";
		};
		2490C4171AB28F7500C0B34A /* DishTests */ = {
			isa = PBXNativeTarget;
			buildConfigurationList = 2490C4251AB28F7500C0B34A /* Build configuration list for PBXNativeTarget "DishTests" */;
			buildPhases = (
				2490C4141AB28F7500C0B34A /* Sources */,
				2490C4151AB28F7500C0B34A /* Frameworks */,
				2490C4161AB28F7500C0B34A /* Resources */,
			);
			buildRules = (
			);
			dependencies = (
				2490C41A1AB28F7500C0B34A /* PBXTargetDependency */,
			);
			name = DishTests;
			productName = DishTests;
			productReference = 2490C4181AB28F7500C0B34A /* DishTests.xctest */;
			productType = "com.apple.product-type.bundle.unit-test";
		};
/* End PBXNativeTarget section */

/* Begin PBXProject section */
		2490C3F71AB28F7500C0B34A /* Project object */ = {
			isa = PBXProject;
			attributes = {
				LastUpgradeCheck = 0620;
				ORGANIZATIONNAME = "___rahulmatta___";
				TargetAttributes = {
					2490C3FE1AB28F7500C0B34A = {
						CreatedOnToolsVersion = 6.2;
					};
					2490C4171AB28F7500C0B34A = {
						CreatedOnToolsVersion = 6.2;
						TestTargetID = 2490C3FE1AB28F7500C0B34A;
					};
				};
			};
			buildConfigurationList = 2490C3FA1AB28F7500C0B34A /* Build configuration list for PBXProject "Dish" */;
			compatibilityVersion = "Xcode 3.2";
			developmentRegion = English;
			hasScannedForEncodings = 0;
			knownRegions = (
				en,
				Base,
			);
			mainGroup = 2490C3F61AB28F7500C0B34A;
			productRefGroup = 2490C4001AB28F7500C0B34A /* Products */;
			projectDirPath = "";
			projectRoot = "";
			targets = (
				2490C3FE1AB28F7500C0B34A /* Dish */,
				2490C4171AB28F7500C0B34A /* DishTests */,
			);
		};
/* End PBXProject section */

/* Begin PBXResourcesBuildPhase section */
		2490C3FD1AB28F7500C0B34A /* Resources */ = {
			isa = PBXResourcesBuildPhase;
			buildActionMask = 2147483647;
			files = (
				2490C40E1AB28F7500C0B34A /* Main.storyboard in Resources */,
				2490C4131AB28F7500C0B34A /* LaunchScreen.xib in Resources */,
				2490C4101AB28F7500C0B34A /* Images.xcassets in Resources */,
			);
			runOnlyForDeploymentPostprocessing = 0;
		};
		2490C4161AB28F7500C0B34A /* Resources */ = {
			isa = PBXResourcesBuildPhase;
			buildActionMask = 2147483647;
			files = (
			);
			runOnlyForDeploymentPostprocessing = 0;
		};
/* End PBXResourcesBuildPhase section */

/* Begin PBXSourcesBuildPhase section */
		2490C3FB1AB28F7500C0B34A /* Sources */ = {
			isa = PBXSourcesBuildPhase;
			buildActionMask = 2147483647;
			files = (
				2490C42A1AB2903F00C0B34A /* DishesTableViewController.m in Sources */,
				2490C4081AB28F7500C0B34A /* AppDelegate.m in Sources */,
				2490C42D1AB290E000C0B34A /* DishViewController.m in Sources */,
				2490C4051AB28F7500C0B34A /* main.m in Sources */,
			);
			runOnlyForDeploymentPostprocessing = 0;
		};
		2490C4141AB28F7500C0B34A /* Sources */ = {
			isa = PBXSourcesBuildPhase;
			buildActionMask = 2147483647;
			files = (
				2490C41F1AB28F7500C0B34A /* DishTests.m in Sources */,
			);
			runOnlyForDeploymentPostprocessing = 0;
		};
/* End PBXSourcesBuildPhase section */

/* Begin PBXTargetDependency section */
		2490C41A1AB28F7500C0B34A /* PBXTargetDependency */ = {
			isa = PBXTargetDependency;
			target = 2490C3FE1AB28F7500C0B34A /* Dish */;
			targetProxy = 2490C4191AB28F7500C0B34A /* PBXContainerItemProxy */;
		};
/* End PBXTargetDependency section */

/* Begin PBXVariantGroup section */
		2490C40C1AB28F7500C0B34A /* Main.storyboard */ = {
			isa = PBXVariantGroup;
			children = (
				2490C40D1AB28F7500C0B34A /* Base */,
			);
			name = Main.storyboard;
			sourceTree = "<group>";
		};
		2490C4111AB28F7500C0B34A /* LaunchScreen.xib */ = {
			isa = PBXVariantGroup;
			children = (
				2490C4121AB28F7500C0B34A /* Base */,
			);
			name = LaunchScreen.xib;
			sourceTree = "<group>";
		};
/* End PBXVariantGroup section */

/* Begin XCBuildConfiguration section */
		2490C4201AB28F7500C0B34A /* Debug */ = {
			isa = XCBuildConfiguration;
			buildSettings = {
				ALWAYS_SEARCH_USER_PATHS = NO;
				CLANG_CXX_LANGUAGE_STANDARD = "gnu++0x";
				CLANG_CXX_LIBRARY = "libc++";
				CLANG_ENABLE_MODULES = YES;
				CLANG_ENABLE_OBJC_ARC = YES;
				CLANG_WARN_BOOL_CONVERSION = YES;
				CLANG_WARN_CONSTANT_CONVERSION = YES;
				CLANG_WARN_DIRECT_OBJC_ISA_USAGE = YES_ERROR;
				CLANG_WARN_EMPTY_BODY = YES;
				CLANG_WARN_ENUM_CONVERSION = YES;
				CLANG_WARN_INT_CONVERSION = YES;
				CLANG_WARN_OBJC_ROOT_CLASS = YES_ERROR;
				CLANG_WARN_UNREACHABLE_CODE = YES;
				CLANG_WARN__DUPLICATE_METHOD_MATCH = YES;
				"CODE_SIGN_IDENTITY[sdk=iphoneos*]" = "iPhone Developer";
				COPY_PHASE_STRIP = NO;
				ENABLE_STRICT_OBJC_MSGSEND = YES;
				GCC_C_LANGUAGE_STANDARD = gnu99;
				GCC_DYNAMIC_NO_PIC = NO;
				GCC_OPTIMIZATION_LEVEL = 0;
				GCC_PREPROCESSOR_DEFINITIONS = (
					"DEBUG=1",
					"$(inherited)",
				);
				GCC_SYMBOLS_PRIVATE_EXTERN = NO;
				GCC_WARN_64_TO_32_BIT_CONVERSION = YES;
				GCC_WARN_ABOUT_RETURN_TYPE = YES_ERROR;
				GCC_WARN_UNDECLARED_SELECTOR = YES;
				GCC_WARN_UNINITIALIZED_AUTOS = YES_AGGRESSIVE;
				GCC_WARN_UNUSED_FUNCTION = YES;
				GCC_WARN_UNUSED_VARIABLE = YES;
				IPHONEOS_DEPLOYMENT_TARGET = 8.2;
				MTL_ENABLE_DEBUG_INFO = YES;
				ONLY_ACTIVE_ARCH = YES;
				SDKROOT = iphoneos;
			};
			name = Debug;
		};
		2490C4211AB28F7500C0B34A /* Release */ = {
			isa = XCBuildConfiguration;
			buildSettings = {
				ALWAYS_SEARCH_USER_PATHS = NO;
				CLANG_CXX_LANGUAGE_STANDARD = "gnu++0x";
				CLANG_CXX_LIBRARY = "libc++";
				CLANG_ENABLE_MODULES = YES;
				CLANG_ENABLE_OBJC_ARC = YES;
				CLANG_WARN_BOOL_CONVERSION = YES;
				CLANG_WARN_CONSTANT_CONVERSION = YES;
				CLANG_WARN_DIRECT_OBJC_ISA_USAGE = YES_ERROR;
				CLANG_WARN_EMPTY_BODY = YES;
				CLANG_WARN_ENUM_CONVERSION = YES;
				CLANG_WARN_INT_CONVERSION = YES;
				CLANG_WARN_OBJC_ROOT_CLASS = YES_ERROR;
				CLANG_WARN_UNREACHABLE_CODE = YES;
				CLANG_WARN__DUPLICATE_METHOD_MATCH = YES;
				"CODE_SIGN_IDENTITY[sdk=iphoneos*]" = "iPhone Developer";
				COPY_PHASE_STRIP = NO;
				ENABLE_NS_ASSERTIONS = NO;
				ENABLE_STRICT_OBJC_MSGSEND = YES;
				GCC_C_LANGUAGE_STANDARD = gnu99;
				GCC_WARN_64_TO_32_BIT_CONVERSION = YES;
				GCC_WARN_ABOUT_RETURN_TYPE = YES_ERROR;
				GCC_WARN_UNDECLARED_SELECTOR = YES;
				GCC_WARN_UNINITIALIZED_AUTOS = YES_AGGRESSIVE;
				GCC_WARN_UNUSED_FUNCTION = YES;
				GCC_WARN_UNUSED_VARIABLE = YES;
				IPHONEOS_DEPLOYMENT_TARGET = 8.2;
				MTL_ENABLE_DEBUG_INFO = NO;
				SDKROOT = iphoneos;
				VALIDATE_PRODUCT = YES;
			};
			name = Release;
		};
		2490C4231AB28F7500C0B34A /* Debug */ = {
			isa = XCBuildConfiguration;
			buildSettings = {
				ASSETCATALOG_COMPILER_APPICON_NAME = AppIcon;
				INFOPLIST_FILE = Dish/Info.plist;
				LD_RUNPATH_SEARCH_PATHS = "$(inherited) @executable_path/Frameworks";
				PRODUCT_NAME = "$(TARGET_NAME)";
			};
			name = Debug;
		};
		2490C4241AB28F7500C0B34A /* Release */ = {
			isa = XCBuildConfiguration;
			buildSettings = {
				ASSETCATALOG_COMPILER_APPICON_NAME = AppIcon;
				INFOPLIST_FILE = Dish/Info.plist;
				LD_RUNPATH_SEARCH_PATHS = "$(inherited) @executable_path/Frameworks";
				PRODUCT_NAME = "$(TARGET_NAME)";
			};
			name = Release;
		};
		2490C4261AB28F7500C0B34A /* Debug */ = {
			isa = XCBuildConfiguration;
			buildSettings = {
				BUNDLE_LOADER = "$(TEST_HOST)";
				FRAMEWORK_SEARCH_PATHS = (
					"$(SDKROOT)/Developer/Library/Frameworks",
					"$(inherited)",
				);
				GCC_PREPROCESSOR_DEFINITIONS = (
					"DEBUG=1",
					"$(inherited)",
				);
				INFOPLIST_FILE = DishTests/Info.plist;
				LD_RUNPATH_SEARCH_PATHS = "$(inherited) @executable_path/Frameworks @loader_path/Frameworks";
				PRODUCT_NAME = "$(TARGET_NAME)";
				TEST_HOST = "$(BUILT_PRODUCTS_DIR)/Dish.app/Dish";
			};
			name = Debug;
		};
		2490C4271AB28F7500C0B34A /* Release */ = {
			isa = XCBuildConfiguration;
			buildSettings = {
				BUNDLE_LOADER = "$(TEST_HOST)";
				FRAMEWORK_SEARCH_PATHS = (
					"$(SDKROOT)/Developer/Library/Frameworks",
					"$(inherited)",
				);
				INFOPLIST_FILE = DishTests/Info.plist;
				LD_RUNPATH_SEARCH_PATHS = "$(inherited) @executable_path/Frameworks @loader_path/Frameworks";
				PRODUCT_NAME = "$(TARGET_NAME)";
				TEST_HOST = "$(BUILT_PRODUCTS_DIR)/Dish.app/Dish";
			};
			name = Release;
		};
/* End XCBuildConfiguration section */

/* Begin XCConfigurationList section */
		2490C3FA1AB28F7500C0B34A /* Build configuration list for PBXProject "Dish" */ = {
			isa = XCConfigurationList;
			buildConfigurations = (
				2490C4201AB28F7500C0B34A /* Debug */,
				2490C4211AB28F7500C0B34A /* Release */,
			);
			defaultConfigurationIsVisible = 0;
			defaultConfigurationName = Release;
		};
		2490C4221AB28F7500C0B34A /* Build configuration list for PBXNativeTarget "Dish" */ = {
			isa = XCConfigurationList;
			buildConfigurations = (
				2490C4231AB28F7500C0B34A /* Debug */,
				2490C4241AB28F7500C0B34A /* Release */,
			);
			defaultConfigurationIsVisible = 0;
		};
		2490C4251AB28F7500C0B34A /* Build configuration list for PBXNativeTarget "DishTests" */ = {
			isa = XCConfigurationList;
			buildConfigurations = (
				2490C4261AB28F7500C0B34A /* Debug */,
				2490C4271AB28F7500C0B34A /* Release */,
			);
			defaultConfigurationIsVisible = 0;
		};
/* End XCConfigurationList section */
	};
	rootObject = 2490C3F71AB28F7500C0B34A /* Project object */;
}
